Microsoft Visual Studio Solution File, Format Version 12.00
# Visual Studio Version 17
VisualStudioVersion = 17.0.31903.59
MinimumVisualStudioVersion = 10.0.40219.1
Project("{FAE04EC0-301F-11D3-BF4B-00C04F79EFBC}") = "RustyRoguelike.Product", "src\\RustyRoguelike.Product\\RustyRoguelike.Product.csproj", "{6C8E1B5D-2B8B-4C73-9477-17327C59B428}"
EndProject
Project("{FAE04EC0-301F-11D3-BF4B-00C04F79EFBC}") = "RustyRoguelike.Product.Checks", "src\\RustyRoguelike.Product.Checks\\RustyRoguelike.Product.Checks.csproj", "{11D93D85-2BFF-4307-B893-3E934885C2F8}"
EndProject
Global
	GlobalSection(SolutionConfigurationPlatforms) = preSolution
		Debug|Any CPU = Debug|Any CPU
		Release|Any CPU = Release|Any CPU
	EndGlobalSection
	GlobalSection(ProjectConfigurationPlatforms) = postSolution
		{6C8E1B5D-2B8B-4C73-9477-17327C59B428}.Debug|Any CPU.ActiveCfg = Debug|Any CPU
		{6C8E1B5D-2B8B-4C73-9477-17327C59B428}.Debug|Any CPU.Build.0 = Debug|Any CPU
		{6C8E1B5D-2B8B-4C73-9477-17327C59B428}.Release|Any CPU.ActiveCfg = Release|Any CPU
		{6C8E1B5D-2B8B-4C73-9477-17327C59B428}.Release|Any CPU.Build.0 = Release|Any CPU
		{11D93D85-2BFF-4307-B893-3E934885C2F8}.Debug|Any CPU.ActiveCfg = Debug|Any CPU
		{11D93D85-2BFF-4307-B893-3E934885C2F8}.Debug|Any CPU.Build.0 = Debug|Any CPU
		{11D93D85-2BFF-4307-B893-3E934885C2F8}.Release|Any CPU.ActiveCfg = Release|Any CPU
		{11D93D85-2BFF-4307-B893-3E934885C2F8}.Release|Any CPU.Build.0 = Release|Any CPU
	EndGlobalSection
EndGlobal
